{
  "name": "practice_you",
  "lockfileVersion": 3,
  "requires": true,
  "packages": {
    "": {
      "dependencies": {
        "tiktoken": "^1.0.16"
      }
    },
    "node_modules/tiktoken": {
      "version": "1.0.16",
      "resolved": "https://registry.npmjs.org/tiktoken/-/tiktoken-1.0.16.tgz",
      "integrity": "sha512-hRcORIGF2YlAgWx3nzrGJOrKSJwLoc81HpXmMQk89632XAgURc7IeV2FgQ2iXo9z/J96fCvpsHg2kWoHcbj9fg=="
    }
  }
}
